// !$*UTF8*$!
{
	archiveVersion = 1;
	classes = {
	};
	objectVersion = 52;
	objects = {

/* Begin PBXBuildFile section */
		C40B3DD3267821FA00CB7D7F /* LocationServiceMock.swift in Sources */ = {isa = PBXBuildFile; fileRef = C40B3DD2267821FA00CB7D7F /* LocationServiceMock.swift */; };
		C476C48D267782A000A82FC5 /* MainViewModelTests.swift in Sources */ = {isa = PBXBuildFile; fileRef = C476C48C267782A000A82FC5 /* MainViewModelTests.swift */; };
		C476C48F267786B700A82FC5 /* LocationServiceTests.swift in Sources */ = {isa = PBXBuildFile; fileRef = C476C48E267786B700A82FC5 /* LocationServiceTests.swift */; };
		C490F3EA26773F7800DDFCA0 /* CornerRadius.swift in Sources */ = {isa = PBXBuildFile; fileRef = C490F3E926773F7800DDFCA0 /* CornerRadius.swift */; };
		C490F3EC26773FAE00DDFCA0 /* Colors.swift in Sources */ = {isa = PBXBuildFile; fileRef = C490F3EB26773FAE00DDFCA0 /* Colors.swift */; };
		C490F3EF26774F9900DDFCA0 /* Realm in Frameworks */ = {isa = PBXBuildFile; productRef = C490F3EE26774F9900DDFCA0 /* Realm */; };
		C490F3F126774F9900DDFCA0 /* RealmSwift in Frameworks */ = {isa = PBXBuildFile; productRef = C490F3F026774F9900DDFCA0 /* RealmSwift */; };
		C490F3F42677522800DDFCA0 /* DatabaseService.swift in Sources */ = {isa = PBXBuildFile; fileRef = C490F3F32677522800DDFCA0 /* DatabaseService.swift */; };
		C4E4883326744E0100E95615 /* AppDelegate.swift in Sources */ = {isa = PBXBuildFile; fileRef = C4E4883226744E0100E95615 /* AppDelegate.swift */; };
		C4E4883526744E0100E95615 /* SceneDelegate.swift in Sources */ = {isa = PBXBuildFile; fileRef = C4E4883426744E0100E95615 /* SceneDelegate.swift */; };
		C4E4883C26744E0200E95615 /* Assets.xcassets in Resources */ = {isa = PBXBuildFile; fileRef = C4E4883B26744E0200E95615 /* Assets.xcassets */; };
		C4E4883F26744E0200E95615 /* LaunchScreen.storyboard in Resources */ = {isa = PBXBuildFile; fileRef = C4E4883D26744E0200E95615 /* LaunchScreen.storyboard */; };
		C4E4884B26744F7700E95615 /* MainViewController.swift in Sources */ = {isa = PBXBuildFile; fileRef = C4E4884A26744F7700E95615 /* MainViewController.swift */; };
		C4E4884E2674C82800E95615 /* LocationService.swift in Sources */ = {isa = PBXBuildFile; fileRef = C4E4884D2674C82800E95615 /* LocationService.swift */; };
		C4E488502674C97F00E95615 /* Location.swift in Sources */ = {isa = PBXBuildFile; fileRef = C4E4884F2674C97F00E95615 /* Location.swift */; };
		C4E488542675C99C00E95615 /* AppRouter.swift in Sources */ = {isa = PBXBuildFile; fileRef = C4E488532675C99C00E95615 /* AppRouter.swift */; };
		C4E488562675CA6800E95615 /* RoutingSource.swift in Sources */ = {isa = PBXBuildFile; fileRef = C4E488552675CA6800E95615 /* RoutingSource.swift */; };
		C4E488582675CB0800E95615 /* TransitionType.swift in Sources */ = {isa = PBXBuildFile; fileRef = C4E488572675CB0800E95615 /* TransitionType.swift */; };
		C4E4885A2675CC4200E95615 /* NavigatorProviding.swift in Sources */ = {isa = PBXBuildFile; fileRef = C4E488592675CC4200E95615 /* NavigatorProviding.swift */; };
		C4E4885E2675CEC600E95615 /* SaveLandmarkViewController.swift in Sources */ = {isa = PBXBuildFile; fileRef = C4E4885D2675CEC600E95615 /* SaveLandmarkViewController.swift */; };
		C4E488632675CF6200E95615 /* SaveLandmarkNavigator.swift in Sources */ = {isa = PBXBuildFile; fileRef = C4E488622675CF6200E95615 /* SaveLandmarkNavigator.swift */; };
		C4E488662675D56200E95615 /* UIApplicationsExtensions.swift in Sources */ = {isa = PBXBuildFile; fileRef = C4E488652675D56200E95615 /* UIApplicationsExtensions.swift */; };
		C4E4886A2675F46900E95615 /* LandmarkDetailsNavigator.swift in Sources */ = {isa = PBXBuildFile; fileRef = C4E488692675F46900E95615 /* LandmarkDetailsNavigator.swift */; };
		C4E4886C2676047A00E95615 /* MainViewModel.swift in Sources */ = {isa = PBXBuildFile; fileRef = C4E4886B2676047A00E95615 /* MainViewModel.swift */; };
		C4E4886F2676061000E95615 /* BaseViewController.swift in Sources */ = {isa = PBXBuildFile; fileRef = C4E4886E2676061000E95615 /* BaseViewController.swift */; };
		C4E48872267606CC00E95615 /* Strings.swift in Sources */ = {isa = PBXBuildFile; fileRef = C4E48871267606CC00E95615 /* Strings.swift */; };
		C4E488752676105F00E95615 /* Functions.swift in Sources */ = {isa = PBXBuildFile; fileRef = C4E488742676105F00E95615 /* Functions.swift */; };
		C4E488772676155F00E95615 /* Bindable.swift in Sources */ = {isa = PBXBuildFile; fileRef = C4E488762676155F00E95615 /* Bindable.swift */; };
		C4E4887926761FF000E95615 /* AlertDisplay.swift in Sources */ = {isa = PBXBuildFile; fileRef = C4E4887826761FF000E95615 /* AlertDisplay.swift */; };
		C4E4887D2676352700E95615 /* PermissionError.swift in Sources */ = {isa = PBXBuildFile; fileRef = C4E4887C2676352700E95615 /* PermissionError.swift */; };
		C4E4887F26764CA300E95615 /* UniversalLinks.swift in Sources */ = {isa = PBXBuildFile; fileRef = C4E4887E26764CA300E95615 /* UniversalLinks.swift */; };
		C4E4888226764DA900E95615 /* CircleButton.swift in Sources */ = {isa = PBXBuildFile; fileRef = C4E4888126764DA900E95615 /* CircleButton.swift */; };
		C4E48884267658A200E95615 /* UserDefaultsExtension.swift in Sources */ = {isa = PBXBuildFile; fileRef = C4E48883267658A200E95615 /* UserDefaultsExtension.swift */; };
		C4E488862676DDA800E95615 /* MainNavigator.swift in Sources */ = {isa = PBXBuildFile; fileRef = C4E488852676DDA800E95615 /* MainNavigator.swift */; };
		C4E488882676E41400E95615 /* SaveLandmarkViewModel.swift in Sources */ = {isa = PBXBuildFile; fileRef = C4E488872676E41400E95615 /* SaveLandmarkViewModel.swift */; };
		C4E4888A2676E48700E95615 /* Landmark.swift in Sources */ = {isa = PBXBuildFile; fileRef = C4E488892676E48700E95615 /* Landmark.swift */; };
		C4E4888C2676E59200E95615 /* ConstraintConstants.swift in Sources */ = {isa = PBXBuildFile; fileRef = C4E4888B2676E59200E95615 /* ConstraintConstants.swift */; };
		C4E4888F2676F5B300E95615 /* SaveLandmarkSection.swift in Sources */ = {isa = PBXBuildFile; fileRef = C4E4888E2676F5B300E95615 /* SaveLandmarkSection.swift */; };
		C4E488912676F5D400E95615 /* SaveLandmarkItemViewModel.swift in Sources */ = {isa = PBXBuildFile; fileRef = C4E488902676F5D400E95615 /* SaveLandmarkItemViewModel.swift */; };
		C4E488942676F62A00E95615 /* CommonInputCell.swift in Sources */ = {isa = PBXBuildFile; fileRef = C4E488932676F62A00E95615 /* CommonInputCell.swift */; };
		C4E488962676F68E00E95615 /* IndentedTextField.swift in Sources */ = {isa = PBXBuildFile; fileRef = C4E488952676F68E00E95615 /* IndentedTextField.swift */; };
		C4E488982676F93200E95615 /* InputUsernameCell.swift in Sources */ = {isa = PBXBuildFile; fileRef = C4E488972676F93200E95615 /* InputUsernameCell.swift */; };
		C4E4889A2676F93D00E95615 /* InputDescriptionCell.swift in Sources */ = {isa = PBXBuildFile; fileRef = C4E488992676F93D00E95615 /* InputDescriptionCell.swift */; };
		C4E4889E2676FF5200E95615 /* CollectionExtension.swift in Sources */ = {isa = PBXBuildFile; fileRef = C4E4889D2676FF5200E95615 /* CollectionExtension.swift */; };
		C4E488A02677033F00E95615 /* InputUsernameItemViewModel.swift in Sources */ = {isa = PBXBuildFile; fileRef = C4E4889F2677033F00E95615 /* InputUsernameItemViewModel.swift */; };
		C4E488A22677038E00E95615 /* InputDescriptionItemViewModel.swift in Sources */ = {isa = PBXBuildFile; fileRef = C4E488A12677038E00E95615 /* InputDescriptionItemViewModel.swift */; };
		C4E488A62677047B00E95615 /* SaveLandmarkCellProviding.swift in Sources */ = {isa = PBXBuildFile; fileRef = C4E488A52677047B00E95615 /* SaveLandmarkCellProviding.swift */; };
/* End PBXBuildFile section */

/* Begin PBXContainerItemProxy section */
		C476C4872677827F00A82FC5 /* PBXContainerItemProxy */ = {
			isa = PBXContainerItemProxy;
			containerPortal = C4E4882726744E0100E95615 /* Project object */;
			proxyType = 1;
			remoteGlobalIDString = C4E4882E26744E0100E95615;
			remoteInfo = LandmarkRemark;
		};
/* End PBXContainerItemProxy section */

/* Begin PBXFileReference section */
		C40B3DD2267821FA00CB7D7F /* LocationServiceMock.swift */ = {isa = PBXFileReference; lastKnownFileType = sourcecode.swift; path = LocationServiceMock.swift; sourceTree = "<group>"; };
		C476C4822677827F00A82FC5 /* LandmarkRemarkTests.xctest */ = {isa = PBXFileReference; explicitFileType = wrapper.cfbundle; includeInIndex = 0; path = LandmarkRemarkTests.xctest; sourceTree = BUILT_PRODUCTS_DIR; };
		C476C4862677827F00A82FC5 /* Info.plist */ = {isa = PBXFileReference; lastKnownFileType = text.plist.xml; path = Info.plist; sourceTree = "<group>"; };
		C476C48C267782A000A82FC5 /* MainViewModelTests.swift */ = {isa = PBXFileReference; lastKnownFileType = sourcecode.swift; path = MainViewModelTests.swift; sourceTree = "<group>"; };
		C476C48E267786B700A82FC5 /* LocationServiceTests.swift */ = {isa = PBXFileReference; lastKnownFileType = sourcecode.swift; path = LocationServiceTests.swift; sourceTree = "<group>"; };
		C490F3E926773F7800DDFCA0 /* CornerRadius.swift */ = {isa = PBXFileReference; lastKnownFileType = sourcecode.swift; path = CornerRadius.swift; sourceTree = "<group>"; };
		C490F3EB26773FAE00DDFCA0 /* Colors.swift */ = {isa = PBXFileReference; lastKnownFileType = sourcecode.swift; path = Colors.swift; sourceTree = "<group>"; };
		C490F3F32677522800DDFCA0 /* DatabaseService.swift */ = {isa = PBXFileReference; lastKnownFileType = sourcecode.swift; path = DatabaseService.swift; sourceTree = "<group>"; };
		C4E4882F26744E0100E95615 /* LandmarkRemark.app */ = {isa = PBXFileReference; explicitFileType = wrapper.application; includeInIndex = 0; path = LandmarkRemark.app; sourceTree = BUILT_PRODUCTS_DIR; };
		C4E4883226744E0100E95615 /* AppDelegate.swift */ = {isa = PBXFileReference; lastKnownFileType = sourcecode.swift; path = AppDelegate.swift; sourceTree = "<group>"; };
		C4E4883426744E0100E95615 /* SceneDelegate.swift */ = {isa = PBXFileReference; lastKnownFileType = sourcecode.swift; path = SceneDelegate.swift; sourceTree = "<group>"; };
		C4E4883B26744E0200E95615 /* Assets.xcassets */ = {isa = PBXFileReference; lastKnownFileType = folder.assetcatalog; path = Assets.xcassets; sourceTree = "<group>"; };
		C4E4883E26744E0200E95615 /* Base */ = {isa = PBXFileReference; lastKnownFileType = file.storyboard; name = Base; path = Base.lproj/LaunchScreen.storyboard; sourceTree = "<group>"; };
		C4E4884026744E0200E95615 /* Info.plist */ = {isa = PBXFileReference; lastKnownFileType = text.plist.xml; path = Info.plist; sourceTree = "<group>"; };
		C4E4884A26744F7700E95615 /* MainViewController.swift */ = {isa = PBXFileReference; lastKnownFileType = sourcecode.swift; path = MainViewController.swift; sourceTree = "<group>"; };
		C4E4884D2674C82800E95615 /* LocationService.swift */ = {isa = PBXFileReference; lastKnownFileType = sourcecode.swift; path = LocationService.swift; sourceTree = "<group>"; };
		C4E4884F2674C97F00E95615 /* Location.swift */ = {isa = PBXFileReference; lastKnownFileType = sourcecode.swift; path = Location.swift; sourceTree = "<group>"; };
		C4E488532675C99C00E95615 /* AppRouter.swift */ = {isa = PBXFileReference; lastKnownFileType = sourcecode.swift; path = AppRouter.swift; sourceTree = "<group>"; };
		C4E488552675CA6800E95615 /* RoutingSource.swift */ = {isa = PBXFileReference; lastKnownFileType = sourcecode.swift; path = RoutingSource.swift; sourceTree = "<group>"; };
		C4E488572675CB0800E95615 /* TransitionType.swift */ = {isa = PBXFileReference; lastKnownFileType = sourcecode.swift; path = TransitionType.swift; sourceTree = "<group>"; };
		C4E488592675CC4200E95615 /* NavigatorProviding.swift */ = {isa = PBXFileReference; lastKnownFileType = sourcecode.swift; path = NavigatorProviding.swift; sourceTree = "<group>"; };
		C4E4885D2675CEC600E95615 /* SaveLandmarkViewController.swift */ = {isa = PBXFileReference; lastKnownFileType = sourcecode.swift; path = SaveLandmarkViewController.swift; sourceTree = "<group>"; };
		C4E488622675CF6200E95615 /* SaveLandmarkNavigator.swift */ = {isa = PBXFileReference; lastKnownFileType = sourcecode.swift; path = SaveLandmarkNavigator.swift; sourceTree = "<group>"; };
		C4E488652675D56200E95615 /* UIApplicationsExtensions.swift */ = {isa = PBXFileReference; lastKnownFileType = sourcecode.swift; path = UIApplicationsExtensions.swift; sourceTree = "<group>"; };
		C4E488692675F46900E95615 /* LandmarkDetailsNavigator.swift */ = {isa = PBXFileReference; lastKnownFileType = sourcecode.swift; path = LandmarkDetailsNavigator.swift; sourceTree = "<group>"; };
		C4E4886B2676047A00E95615 /* MainViewModel.swift */ = {isa = PBXFileReference; lastKnownFileType = sourcecode.swift; path = MainViewModel.swift; sourceTree = "<group>"; };
		C4E4886E2676061000E95615 /* BaseViewController.swift */ = {isa = PBXFileReference; lastKnownFileType = sourcecode.swift; path = BaseViewController.swift; sourceTree = "<group>"; };
		C4E48871267606CC00E95615 /* Strings.swift */ = {isa = PBXFileReference; lastKnownFileType = sourcecode.swift; path = Strings.swift; sourceTree = "<group>"; };
		C4E488742676105F00E95615 /* Functions.swift */ = {isa = PBXFileReference; lastKnownFileType = sourcecode.swift; path = Functions.swift; sourceTree = "<group>"; };
		C4E488762676155F00E95615 /* Bindable.swift */ = {isa = PBXFileReference; lastKnownFileType = sourcecode.swift; path = Bindable.swift; sourceTree = "<group>"; };
		C4E4887826761FF000E95615 /* AlertDisplay.swift */ = {isa = PBXFileReference; lastKnownFileType = sourcecode.swift; path = AlertDisplay.swift; sourceTree = "<group>"; };
		C4E4887C2676352700E95615 /* PermissionError.swift */ = {isa = PBXFileReference; lastKnownFileType = sourcecode.swift; path = PermissionError.swift; sourceTree = "<group>"; };
		C4E4887E26764CA300E95615 /* UniversalLinks.swift */ = {isa = PBXFileReference; lastKnownFileType = sourcecode.swift; path = UniversalLinks.swift; sourceTree = "<group>"; };
		C4E4888126764DA900E95615 /* CircleButton.swift */ = {isa = PBXFileReference; lastKnownFileType = sourcecode.swift; path = CircleButton.swift; sourceTree = "<group>"; };
		C4E48883267658A200E95615 /* UserDefaultsExtension.swift */ = {isa = PBXFileReference; lastKnownFileType = sourcecode.swift; path = UserDefaultsExtension.swift; sourceTree = "<group>"; };
		C4E488852676DDA800E95615 /* MainNavigator.swift */ = {isa = PBXFileReference; lastKnownFileType = sourcecode.swift; path = MainNavigator.swift; sourceTree = "<group>"; };
		C4E488872676E41400E95615 /* SaveLandmarkViewModel.swift */ = {isa = PBXFileReference; lastKnownFileType = sourcecode.swift; path = SaveLandmarkViewModel.swift; sourceTree = "<group>"; };
		C4E488892676E48700E95615 /* Landmark.swift */ = {isa = PBXFileReference; lastKnownFileType = sourcecode.swift; path = Landmark.swift; sourceTree = "<group>"; };
		C4E4888B2676E59200E95615 /* ConstraintConstants.swift */ = {isa = PBXFileReference; lastKnownFileType = sourcecode.swift; path = ConstraintConstants.swift; sourceTree = "<group>"; };
		C4E4888E2676F5B300E95615 /* SaveLandmarkSection.swift */ = {isa = PBXFileReference; lastKnownFileType = sourcecode.swift; path = SaveLandmarkSection.swift; sourceTree = "<group>"; };
		C4E488902676F5D400E95615 /* SaveLandmarkItemViewModel.swift */ = {isa = PBXFileReference; lastKnownFileType = sourcecode.swift; path = SaveLandmarkItemViewModel.swift; sourceTree = "<group>"; };
		C4E488932676F62A00E95615 /* CommonInputCell.swift */ = {isa = PBXFileReference; lastKnownFileType = sourcecode.swift; path = CommonInputCell.swift; sourceTree = "<group>"; };
		C4E488952676F68E00E95615 /* IndentedTextField.swift */ = {isa = PBXFileReference; lastKnownFileType = sourcecode.swift; path = IndentedTextField.swift; sourceTree = "<group>"; };
		C4E488972676F93200E95615 /* InputUsernameCell.swift */ = {isa = PBXFileReference; lastKnownFileType = sourcecode.swift; path = InputUsernameCell.swift; sourceTree = "<group>"; };
		C4E488992676F93D00E95615 /* InputDescriptionCell.swift */ = {isa = PBXFileReference; lastKnownFileType = sourcecode.swift; path = InputDescriptionCell.swift; sourceTree = "<group>"; };
		C4E4889D2676FF5200E95615 /* CollectionExtension.swift */ = {isa = PBXFileReference; lastKnownFileType = sourcecode.swift; path = CollectionExtension.swift; sourceTree = "<group>"; };
		C4E4889F2677033F00E95615 /* InputUsernameItemViewModel.swift */ = {isa = PBXFileReference; lastKnownFileType = sourcecode.swift; path = InputUsernameItemViewModel.swift; sourceTree = "<group>"; };
		C4E488A12677038E00E95615 /* InputDescriptionItemViewModel.swift */ = {isa = PBXFileReference; lastKnownFileType = sourcecode.swift; path = InputDescriptionItemViewModel.swift; sourceTree = "<group>"; };
		C4E488A52677047B00E95615 /* SaveLandmarkCellProviding.swift */ = {isa = PBXFileReference; lastKnownFileType = sourcecode.swift; path = SaveLandmarkCellProviding.swift; sourceTree = "<group>"; };
/* End PBXFileReference section */

/* Begin PBXFrameworksBuildPhase section */
		C476C47F2677827F00A82FC5 /* Frameworks */ = {
			isa = PBXFrameworksBuildPhase;
			buildActionMask = 2147483647;
			files = (
			);
			runOnlyForDeploymentPostprocessing = 0;
		};
		C4E4882C26744E0100E95615 /* Frameworks */ = {
			isa = PBXFrameworksBuildPhase;
			buildActionMask = 2147483647;
			files = (
				C490F3F126774F9900DDFCA0 /* RealmSwift in Frameworks */,
				C490F3EF26774F9900DDFCA0 /* Realm in Frameworks */,
			);
			runOnlyForDeploymentPostprocessing = 0;
		};
/* End PBXFrameworksBuildPhase section */

/* Begin PBXGroup section */
		C40B3DD02678218700CB7D7F /* Cases */ = {
			isa = PBXGroup;
			children = (
				C476C48C267782A000A82FC5 /* MainViewModelTests.swift */,
				C476C48E267786B700A82FC5 /* LocationServiceTests.swift */,
			);
			path = Cases;
			sourceTree = "<group>";
		};
		C40B3DD12678218D00CB7D7F /* Mocks */ = {
			isa = PBXGroup;
			children = (
				C40B3DD2267821FA00CB7D7F /* LocationServiceMock.swift */,
			);
			path = Mocks;
			sourceTree = "<group>";
		};
		C476C4832677827F00A82FC5 /* LandmarkRemarkTests */ = {
			isa = PBXGroup;
			children = (
				C40B3DD12678218D00CB7D7F /* Mocks */,
				C40B3DD02678218700CB7D7F /* Cases */,
				C476C4862677827F00A82FC5 /* Info.plist */,
			);
			path = LandmarkRemarkTests;
			sourceTree = "<group>";
		};
		C4E4882626744E0100E95615 = {
			isa = PBXGroup;
			children = (
				C4E4883126744E0100E95615 /* LandmarkRemark */,
				C476C4832677827F00A82FC5 /* LandmarkRemarkTests */,
				C4E4883026744E0100E95615 /* Products */,
			);
			sourceTree = "<group>";
		};
		C4E4883026744E0100E95615 /* Products */ = {
			isa = PBXGroup;
			children = (
				C4E4882F26744E0100E95615 /* LandmarkRemark.app */,
				C476C4822677827F00A82FC5 /* LandmarkRemarkTests.xctest */,
			);
			name = Products;
			sourceTree = "<group>";
		};
		C4E4883126744E0100E95615 /* LandmarkRemark */ = {
			isa = PBXGroup;
			children = (
				C4E488612675CF3600E95615 /* Routing */,
				C4E4884626744E5500E95615 /* Models */,
				C4E4884726744E6100E95615 /* Views */,
				C4E4884926744F4600E95615 /* Controllers */,
				C4E4884826744E6B00E95615 /* ViewModels */,
				C4E488512675C95F00E95615 /* Foundations */,
				C4E4883226744E0100E95615 /* AppDelegate.swift */,
				C4E4883426744E0100E95615 /* SceneDelegate.swift */,
				C4E4883B26744E0200E95615 /* Assets.xcassets */,
				C4E4883D26744E0200E95615 /* LaunchScreen.storyboard */,
				C4E4884026744E0200E95615 /* Info.plist */,
			);
			path = LandmarkRemark;
			sourceTree = "<group>";
		};
		C4E4884626744E5500E95615 /* Models */ = {
			isa = PBXGroup;
			children = (
				C4E4884F2674C97F00E95615 /* Location.swift */,
				C4E4887C2676352700E95615 /* PermissionError.swift */,
				C4E488892676E48700E95615 /* Landmark.swift */,
				C4E4888E2676F5B300E95615 /* SaveLandmarkSection.swift */,
			);
			path = Models;
			sourceTree = "<group>";
		};
		C4E4884726744E6100E95615 /* Views */ = {
			isa = PBXGroup;
			children = (
				C4E488922676F61000E95615 /* SaveLandMark */,
			);
			path = Views;
			sourceTree = "<group>";
		};
		C4E4884826744E6B00E95615 /* ViewModels */ = {
			isa = PBXGroup;
			children = (
				C4E4886B2676047A00E95615 /* MainViewModel.swift */,
				C4E4888D2676F59200E95615 /* SaveLandmark */,
			);
			path = ViewModels;
			sourceTree = "<group>";
		};
		C4E4884926744F4600E95615 /* Controllers */ = {
			isa = PBXGroup;
			children = (
				C4E4884A26744F7700E95615 /* MainViewController.swift */,
				C4E4885D2675CEC600E95615 /* SaveLandmarkViewController.swift */,
			);
			path = Controllers;
			sourceTree = "<group>";
		};
		C4E4884C26747F6C00E95615 /* LocationServices */ = {
			isa = PBXGroup;
			children = (
				C4E4884D2674C82800E95615 /* LocationService.swift */,
			);
			path = LocationServices;
			sourceTree = "<group>";
		};
		C4E488512675C95F00E95615 /* Foundations */ = {
			isa = PBXGroup;
			children = (
				C4E4888026764D6D00E95615 /* Views */,
				C4E488732676105100E95615 /* Utilities */,
				C4E48870267606C400E95615 /* Common */,
				C4E4886D2676060200E95615 /* Controllers */,
				C4E488642675D55200E95615 /* Extensions */,
			);
			path = Foundations;
			sourceTree = "<group>";
		};
		C4E488522675C98000E95615 /* Routing */ = {
			isa = PBXGroup;
			children = (
				C4E488532675C99C00E95615 /* AppRouter.swift */,
				C4E488552675CA6800E95615 /* RoutingSource.swift */,
				C4E488572675CB0800E95615 /* TransitionType.swift */,
				C4E488592675CC4200E95615 /* NavigatorProviding.swift */,
				C4E4887E26764CA300E95615 /* UniversalLinks.swift */,
			);
			path = Routing;
			sourceTree = "<group>";
		};
		C4E488612675CF3600E95615 /* Routing */ = {
			isa = PBXGroup;
			children = (
				C4E488622675CF6200E95615 /* SaveLandmarkNavigator.swift */,
				C4E488692675F46900E95615 /* LandmarkDetailsNavigator.swift */,
				C4E488852676DDA800E95615 /* MainNavigator.swift */,
			);
			path = Routing;
			sourceTree = "<group>";
		};
		C4E488642675D55200E95615 /* Extensions */ = {
			isa = PBXGroup;
			children = (
				C4E488652675D56200E95615 /* UIApplicationsExtensions.swift */,
				C4E48883267658A200E95615 /* UserDefaultsExtension.swift */,
				C4E4889D2676FF5200E95615 /* CollectionExtension.swift */,
			);
			path = Extensions;
			sourceTree = "<group>";
		};
		C4E4886D2676060200E95615 /* Controllers */ = {
			isa = PBXGroup;
			children = (
				C4E4886E2676061000E95615 /* BaseViewController.swift */,
			);
			path = Controllers;
			sourceTree = "<group>";
		};
		C4E48870267606C400E95615 /* Common */ = {
			isa = PBXGroup;
			children = (
				C4E48871267606CC00E95615 /* Strings.swift */,
				C4E4887826761FF000E95615 /* AlertDisplay.swift */,
				C4E4888B2676E59200E95615 /* ConstraintConstants.swift */,
				C490F3E926773F7800DDFCA0 /* CornerRadius.swift */,
				C490F3EB26773FAE00DDFCA0 /* Colors.swift */,
			);
			path = Common;
			sourceTree = "<group>";
		};
		C4E488732676105100E95615 /* Utilities */ = {
			isa = PBXGroup;
			children = (
				C4E4884C26747F6C00E95615 /* LocationServices */,
				C4E488522675C98000E95615 /* Routing */,
				C4E488742676105F00E95615 /* Functions.swift */,
				C4E488762676155F00E95615 /* Bindable.swift */,
				C490F3F32677522800DDFCA0 /* DatabaseService.swift */,
			);
			path = Utilities;
			sourceTree = "<group>";
		};
		C4E4888026764D6D00E95615 /* Views */ = {
			isa = PBXGroup;
			children = (
				C4E488932676F62A00E95615 /* CommonInputCell.swift */,
				C4E4888126764DA900E95615 /* CircleButton.swift */,
				C4E488952676F68E00E95615 /* IndentedTextField.swift */,
			);
			path = Views;
			sourceTree = "<group>";
		};
		C4E4888D2676F59200E95615 /* SaveLandmark */ = {
			isa = PBXGroup;
			children = (
				C4E488872676E41400E95615 /* SaveLandmarkViewModel.swift */,
				C4E488902676F5D400E95615 /* SaveLandmarkItemViewModel.swift */,
				C4E4889F2677033F00E95615 /* InputUsernameItemViewModel.swift */,
				C4E488A12677038E00E95615 /* InputDescriptionItemViewModel.swift */,
			);
			path = SaveLandmark;
			sourceTree = "<group>";
		};
		C4E488922676F61000E95615 /* SaveLandMark */ = {
			isa = PBXGroup;
			children = (
				C4E488A52677047B00E95615 /* SaveLandmarkCellProviding.swift */,
				C4E488972676F93200E95615 /* InputUsernameCell.swift */,
				C4E488992676F93D00E95615 /* InputDescriptionCell.swift */,
			);
			path = SaveLandMark;
			sourceTree = "<group>";
		};
/* End PBXGroup section */

/* Begin PBXNativeTarget section */
		C476C4812677827F00A82FC5 /* LandmarkRemarkTests */ = {
			isa = PBXNativeTarget;
			buildConfigurationList = C476C4892677827F00A82FC5 /* Build configuration list for PBXNativeTarget "LandmarkRemarkTests" */;
			buildPhases = (
				C476C47E2677827F00A82FC5 /* Sources */,
				C476C47F2677827F00A82FC5 /* Frameworks */,
				C476C4802677827F00A82FC5 /* Resources */,
			);
			buildRules = (
			);
			dependencies = (
				C476C4882677827F00A82FC5 /* PBXTargetDependency */,
			);
			name = LandmarkRemarkTests;
			productName = LandmarkRemarkTests;
			productReference = C476C4822677827F00A82FC5 /* LandmarkRemarkTests.xctest */;
			productType = "com.apple.product-type.bundle.unit-test";
		};
		C4E4882E26744E0100E95615 /* LandmarkRemark */ = {
			isa = PBXNativeTarget;
			buildConfigurationList = C4E4884326744E0200E95615 /* Build configuration list for PBXNativeTarget "LandmarkRemark" */;
			buildPhases = (
				C4E4882B26744E0100E95615 /* Sources */,
				C4E4882C26744E0100E95615 /* Frameworks */,
				C4E4882D26744E0100E95615 /* Resources */,
			);
			buildRules = (
			);
			dependencies = (
			);
			name = LandmarkRemark;
			packageProductDependencies = (
				C490F3EE26774F9900DDFCA0 /* Realm */,
				C490F3F026774F9900DDFCA0 /* RealmSwift */,
			);
			productName = LandmarkRemark;
			productReference = C4E4882F26744E0100E95615 /* LandmarkRemark.app */;
			productType = "com.apple.product-type.application";
		};
/* End PBXNativeTarget section */

/* Begin PBXProject section */
		C4E4882726744E0100E95615 /* Project object */ = {
			isa = PBXProject;
			attributes = {
				LastSwiftUpdateCheck = 1250;
				LastUpgradeCheck = 1250;
				TargetAttributes = {
					C476C4812677827F00A82FC5 = {
						CreatedOnToolsVersion = 12.5;
						TestTargetID = C4E4882E26744E0100E95615;
					};
					C4E4882E26744E0100E95615 = {
						CreatedOnToolsVersion = 12.5;
					};
				};
			};
			buildConfigurationList = C4E4882A26744E0100E95615 /* Build configuration list for PBXProject "LandmarkRemark" */;
			compatibilityVersion = "Xcode 9.3";
			developmentRegion = en;
			hasScannedForEncodings = 0;
			knownRegions = (
				en,
				Base,
			);
			mainGroup = C4E4882626744E0100E95615;
			packageReferences = (
				C490F3ED26774F9900DDFCA0 /* XCRemoteSwiftPackageReference "realm-cocoa" */,
			);
			productRefGroup = C4E4883026744E0100E95615 /* Products */;
			projectDirPath = "";
			projectRoot = "";
			targets = (
				C4E4882E26744E0100E95615 /* LandmarkRemark */,
				C476C4812677827F00A82FC5 /* LandmarkRemarkTests */,
			);
		};
/* End PBXProject section */

/* Begin PBXResourcesBuildPhase section */
		C476C4802677827F00A82FC5 /* Resources */ = {
			isa = PBXResourcesBuildPhase;
			buildActionMask = 2147483647;
			files = (
			);
			runOnlyForDeploymentPostprocessing = 0;
		};
		C4E4882D26744E0100E95615 /* Resources */ = {
			isa = PBXResourcesBuildPhase;
			buildActionMask = 2147483647;
			files = (
				C4E4883F26744E0200E95615 /* LaunchScreen.storyboard in Resources */,
				C4E4883C26744E0200E95615 /* Assets.xcassets in Resources */,
			);
			runOnlyForDeploymentPostprocessing = 0;
		};
/* End PBXResourcesBuildPhase section */

/* Begin PBXSourcesBuildPhase section */
		C476C47E2677827F00A82FC5 /* Sources */ = {
			isa = PBXSourcesBuildPhase;
			buildActionMask = 2147483647;
			files = (
				C40B3DD3267821FA00CB7D7F /* LocationServiceMock.swift in Sources */,
				C476C48D267782A000A82FC5 /* MainViewModelTests.swift in Sources */,
				C476C48F267786B700A82FC5 /* LocationServiceTests.swift in Sources */,
			);
			runOnlyForDeploymentPostprocessing = 0;
		};
		C4E4882B26744E0100E95615 /* Sources */ = {
			isa = PBXSourcesBuildPhase;
			buildActionMask = 2147483647;
			files = (
				C4E4887F26764CA300E95615 /* UniversalLinks.swift in Sources */,
				C4E4883326744E0100E95615 /* AppDelegate.swift in Sources */,
				C4E488912676F5D400E95615 /* SaveLandmarkItemViewModel.swift in Sources */,
				C4E488542675C99C00E95615 /* AppRouter.swift in Sources */,
				C4E4888C2676E59200E95615 /* ConstraintConstants.swift in Sources */,
				C4E4888226764DA900E95615 /* CircleButton.swift in Sources */,
				C4E4884E2674C82800E95615 /* LocationService.swift in Sources */,
				C490F3EA26773F7800DDFCA0 /* CornerRadius.swift in Sources */,
				C4E4886A2675F46900E95615 /* LandmarkDetailsNavigator.swift in Sources */,
				C4E4887926761FF000E95615 /* AlertDisplay.swift in Sources */,
				C4E488942676F62A00E95615 /* CommonInputCell.swift in Sources */,
				C4E4888A2676E48700E95615 /* Landmark.swift in Sources */,
				C4E48872267606CC00E95615 /* Strings.swift in Sources */,
				C4E4886F2676061000E95615 /* BaseViewController.swift in Sources */,
				C4E4887D2676352700E95615 /* PermissionError.swift in Sources */,
				C4E488502674C97F00E95615 /* Location.swift in Sources */,
				C4E4885E2675CEC600E95615 /* SaveLandmarkViewController.swift in Sources */,
				C4E4886C2676047A00E95615 /* MainViewModel.swift in Sources */,
				C4E4888F2676F5B300E95615 /* SaveLandmarkSection.swift in Sources */,
				C4E488882676E41400E95615 /* SaveLandmarkViewModel.swift in Sources */,
				C4E488962676F68E00E95615 /* IndentedTextField.swift in Sources */,
				C4E488772676155F00E95615 /* Bindable.swift in Sources */,
				C4E4889E2676FF5200E95615 /* CollectionExtension.swift in Sources */,
				C4E488A02677033F00E95615 /* InputUsernameItemViewModel.swift in Sources */,
				C4E488A62677047B00E95615 /* SaveLandmarkCellProviding.swift in Sources */,
				C4E488982676F93200E95615 /* InputUsernameCell.swift in Sources */,
				C4E488A22677038E00E95615 /* InputDescriptionItemViewModel.swift in Sources */,
				C4E48884267658A200E95615 /* UserDefaultsExtension.swift in Sources */,
				C490F3EC26773FAE00DDFCA0 /* Colors.swift in Sources */,
				C4E488582675CB0800E95615 /* TransitionType.swift in Sources */,
				C4E488752676105F00E95615 /* Functions.swift in Sources */,
				C4E4889A2676F93D00E95615 /* InputDescriptionCell.swift in Sources */,
				C4E4884B26744F7700E95615 /* MainViewController.swift in Sources */,
				C4E4883526744E0100E95615 /* SceneDelegate.swift in Sources */,
				C4E4885A2675CC4200E95615 /* NavigatorProviding.swift in Sources */,
				C490F3F42677522800DDFCA0 /* DatabaseService.swift in Sources */,
				C4E488632675CF6200E95615 /* SaveLandmarkNavigator.swift in Sources */,
				C4E488662675D56200E95615 /* UIApplicationsExtensions.swift in Sources */,
				C4E488862676DDA800E95615 /* MainNavigator.swift in Sources */,
				C4E488562675CA6800E95615 /* RoutingSource.swift in Sources */,
			);
			runOnlyForDeploymentPostprocessing = 0;
		};
/* End PBXSourcesBuildPhase section */

/* Begin PBXTargetDependency section */
		C476C4882677827F00A82FC5 /* PBXTargetDependency */ = {
			isa = PBXTargetDependency;
			target = C4E4882E26744E0100E95615 /* LandmarkRemark */;
			targetProxy = C476C4872677827F00A82FC5 /* PBXContainerItemProxy */;
		};
/* End PBXTargetDependency section */

/* Begin PBXVariantGroup section */
		C4E4883D26744E0200E95615 /* LaunchScreen.storyboard */ = {
			isa = PBXVariantGroup;
			children = (
				C4E4883E26744E0200E95615 /* Base */,
			);
			name = LaunchScreen.storyboard;
			sourceTree = "<group>";
		};
/* End PBXVariantGroup section */

/* Begin XCBuildConfiguration section */
		C476C48A2677827F00A82FC5 /* Debug */ = {
			isa = XCBuildConfiguration;
			buildSettings = {
				BUNDLE_LOADER = "$(TEST_HOST)";
				CODE_SIGN_STYLE = Automatic;
				DEVELOPMENT_TEAM = 274245Q59F;
				INFOPLIST_FILE = LandmarkRemarkTests/Info.plist;
				LD_RUNPATH_SEARCH_PATHS = (
					"$(inherited)",
					"@executable_path/Frameworks",
					"@loader_path/Frameworks",
				);
				PRODUCT_BUNDLE_IDENTIFIER = jackie.LandmarkRemarkTests;
				PRODUCT_NAME = "$(TARGET_NAME)";
				SWIFT_VERSION = 5.0;
				TARGETED_DEVICE_FAMILY = "1,2";
				TEST_HOST = "$(BUILT_PRODUCTS_DIR)/LandmarkRemark.app/LandmarkRemark";
			};
			name = Debug;
		};
		C476C48B2677827F00A82FC5 /* Release */ = {
			isa = XCBuildConfiguration;
			buildSettings = {
				BUNDLE_LOADER = "$(TEST_HOST)";
				CODE_SIGN_STYLE = Automatic;
				DEVELOPMENT_TEAM = 274245Q59F;
				INFOPLIST_FILE = LandmarkRemarkTests/Info.plist;
				LD_RUNPATH_SEARCH_PATHS = (
					"$(inherited)",
					"@executable_path/Frameworks",
					"@loader_path/Frameworks",
				);
				PRODUCT_BUNDLE_IDENTIFIER = jackie.LandmarkRemarkTests;
				PRODUCT_NAME = "$(TARGET_NAME)";
				SWIFT_VERSION = 5.0;
				TARGETED_DEVICE_FAMILY = "1,2";
				TEST_HOST = "$(BUILT_PRODUCTS_DIR)/LandmarkRemark.app/LandmarkRemark";
			};
			name = Release;
		};
		C4E4884126744E0200E95615 /* Debug */ = {
			isa = XCBuildConfiguration;
			buildSettings = {
				ALWAYS_SEARCH_USER_PATHS = NO;
				CLANG_ANALYZER_NONNULL = YES;
				CLANG_ANALYZER_NUMBER_OBJECT_CONVERSION = YES_AGGRESSIVE;
				CLANG_CXX_LANGUAGE_STANDARD = "gnu++14";
				CLANG_CXX_LIBRARY = "libc++";
				CLANG_ENABLE_MODULES = YES;
				CLANG_ENABLE_OBJC_ARC = YES;
				CLANG_ENABLE_OBJC_WEAK = YES;
				CLANG_WARN_BLOCK_CAPTURE_AUTORELEASING = YES;
				CLANG_WARN_BOOL_CONVERSION = YES;
				CLANG_WARN_COMMA = YES;
				CLANG_WARN_CONSTANT_CONVERSION = YES;
				CLANG_WARN_DEPRECATED_OBJC_IMPLEMENTATIONS = YES;
				CLANG_WARN_DIRECT_OBJC_ISA_USAGE = YES_ERROR;
				CLANG_WARN_DOCUMENTATION_COMMENTS = YES;
				CLANG_WARN_EMPTY_BODY = YES;
				CLANG_WARN_ENUM_CONVERSION = YES;
				CLANG_WARN_INFINITE_RECURSION = YES;
				CLANG_WARN_INT_CONVERSION = YES;
				CLANG_WARN_NON_LITERAL_NULL_CONVERSION = YES;
				CLANG_WARN_OBJC_IMPLICIT_RETAIN_SELF = YES;
				CLANG_WARN_OBJC_LITERAL_CONVERSION = YES;
				CLANG_WARN_OBJC_ROOT_CLASS = YES_ERROR;
				CLANG_WARN_QUOTED_INCLUDE_IN_FRAMEWORK_HEADER = YES;
				CLANG_WARN_RANGE_LOOP_ANALYSIS = YES;
				CLANG_WARN_STRICT_PROTOTYPES = YES;
				CLANG_WARN_SUSPICIOUS_MOVE = YES;
				CLANG_WARN_UNGUARDED_AVAILABILITY = YES_AGGRESSIVE;
				CLANG_WARN_UNREACHABLE_CODE = YES;
				CLANG_WARN__DUPLICATE_METHOD_MATCH = YES;
				COPY_PHASE_STRIP = NO;
				DEBUG_INFORMATION_FORMAT = dwarf;
				ENABLE_STRICT_OBJC_MSGSEND = YES;
				ENABLE_TESTABILITY = YES;
				GCC_C_LANGUAGE_STANDARD = gnu11;
				GCC_DYNAMIC_NO_PIC = NO;
				GCC_NO_COMMON_BLOCKS = YES;
				GCC_OPTIMIZATION_LEVEL = 0;
				GCC_PREPROCESSOR_DEFINITIONS = (
					"DEBUG=1",
					"$(inherited)",
				);
				GCC_WARN_64_TO_32_BIT_CONVERSION = YES;
				GCC_WARN_ABOUT_RETURN_TYPE = YES_ERROR;
				GCC_WARN_UNDECLARED_SELECTOR = YES;
				GCC_WARN_UNINITIALIZED_AUTOS = YES_AGGRESSIVE;
				GCC_WARN_UNUSED_FUNCTION = YES;
				GCC_WARN_UNUSED_VARIABLE = YES;
				IPHONEOS_DEPLOYMENT_TARGET = 14.5;
				MTL_ENABLE_DEBUG_INFO = INCLUDE_SOURCE;
				MTL_FAST_MATH = YES;
				ONLY_ACTIVE_ARCH = YES;
				SDKROOT = iphoneos;
				SWIFT_ACTIVE_COMPILATION_CONDITIONS = DEBUG;
				SWIFT_OPTIMIZATION_LEVEL = "-Onone";
			};
			name = Debug;
		};
		C4E4884226744E0200E95615 /* Release */ = {
			isa = XCBuildConfiguration;
			buildSettings = {
				ALWAYS_SEARCH_USER_PATHS = NO;
				CLANG_ANALYZER_NONNULL = YES;
				CLANG_ANALYZER_NUMBER_OBJECT_CONVERSION = YES_AGGRESSIVE;
				CLANG_CXX_LANGUAGE_STANDARD = "gnu++14";
				CLANG_CXX_LIBRARY = "libc++";
				CLANG_ENABLE_MODULES = YES;
				CLANG_ENABLE_OBJC_ARC = YES;
				CLANG_ENABLE_OBJC_WEAK = YES;
				CLANG_WARN_BLOCK_CAPTURE_AUTORELEASING = YES;
				CLANG_WARN_BOOL_CONVERSION = YES;
				CLANG_WARN_COMMA = YES;
				CLANG_WARN_CONSTANT_CONVERSION = YES;
				CLANG_WARN_DEPRECATED_OBJC_IMPLEMENTATIONS = YES;
				CLANG_WARN_DIRECT_OBJC_ISA_USAGE = YES_ERROR;
				CLANG_WARN_DOCUMENTATION_COMMENTS = YES;
				CLANG_WARN_EMPTY_BODY = YES;
				CLANG_WARN_ENUM_CONVERSION = YES;
				CLANG_WARN_INFINITE_RECURSION = YES;
				CLANG_WARN_INT_CONVERSION = YES;
				CLANG_WARN_NON_LITERAL_NULL_CONVERSION = YES;
				CLANG_WARN_OBJC_IMPLICIT_RETAIN_SELF = YES;
				CLANG_WARN_OBJC_LITERAL_CONVERSION = YES;
				CLANG_WARN_OBJC_ROOT_CLASS = YES_ERROR;
				CLANG_WARN_QUOTED_INCLUDE_IN_FRAMEWORK_HEADER = YES;
				CLANG_WARN_RANGE_LOOP_ANALYSIS = YES;
				CLANG_WARN_STRICT_PROTOTYPES = YES;
				CLANG_WARN_SUSPICIOUS_MOVE = YES;
				CLANG_WARN_UNGUARDED_AVAILABILITY = YES_AGGRESSIVE;
				CLANG_WARN_UNREACHABLE_CODE = YES;
				CLANG_WARN__DUPLICATE_METHOD_MATCH = YES;
				COPY_PHASE_STRIP = NO;
				DEBUG_INFORMATION_FORMAT = "dwarf-with-dsym";
				ENABLE_NS_ASSERTIONS = NO;
				ENABLE_STRICT_OBJC_MSGSEND = YES;
				GCC_C_LANGUAGE_STANDARD = gnu11;
				GCC_NO_COMMON_BLOCKS = YES;
				GCC_WARN_64_TO_32_BIT_CONVERSION = YES;
				GCC_WARN_ABOUT_RETURN_TYPE = YES_ERROR;
				GCC_WARN_UNDECLARED_SELECTOR = YES;
				GCC_WARN_UNINITIALIZED_AUTOS = YES_AGGRESSIVE;
				GCC_WARN_UNUSED_FUNCTION = YES;
				GCC_WARN_UNUSED_VARIABLE = YES;
				IPHONEOS_DEPLOYMENT_TARGET = 14.5;
				MTL_ENABLE_DEBUG_INFO = NO;
				MTL_FAST_MATH = YES;
				SDKROOT = iphoneos;
				SWIFT_COMPILATION_MODE = wholemodule;
				SWIFT_OPTIMIZATION_LEVEL = "-O";
				VALIDATE_PRODUCT = YES;
			};
			name = Release;
		};
		C4E4884426744E0200E95615 /* Debug */ = {
			isa = XCBuildConfiguration;
			buildSettings = {
				ASSETCATALOG_COMPILER_APPICON_NAME = AppIcon;
				ASSETCATALOG_COMPILER_GLOBAL_ACCENT_COLOR_NAME = AccentColor;
				CODE_SIGN_STYLE = Automatic;
				DEVELOPMENT_TEAM = 274245Q59F;
				INFOPLIST_FILE = LandmarkRemark/Info.plist;
				LD_RUNPATH_SEARCH_PATHS = (
					"$(inherited)",
					"@executable_path/Frameworks",
				);
				PRODUCT_BUNDLE_IDENTIFIER = jackie.LandmarkRemark;
				PRODUCT_NAME = "$(TARGET_NAME)";
				SWIFT_VERSION = 5.0;
				TARGETED_DEVICE_FAMILY = "1,2";
			};
			name = Debug;
		};
		C4E4884526744E0200E95615 /* Release */ = {
			isa = XCBuildConfiguration;
			buildSettings = {
				ASSETCATALOG_COMPILER_APPICON_NAME = AppIcon;
				ASSETCATALOG_COMPILER_GLOBAL_ACCENT_COLOR_NAME = AccentColor;
				CODE_SIGN_STYLE = Automatic;
				DEVELOPMENT_TEAM = 274245Q59F;
				INFOPLIST_FILE = LandmarkRemark/Info.plist;
				LD_RUNPATH_SEARCH_PATHS = (
					"$(inherited)",
					"@executable_path/Frameworks",
				);
				PRODUCT_BUNDLE_IDENTIFIER = jackie.LandmarkRemark;
				PRODUCT_NAME = "$(TARGET_NAME)";
				SWIFT_VERSION = 5.0;
				TARGETED_DEVICE_FAMILY = "1,2";
			};
			name = Release;
		};
/* End XCBuildConfiguration section */

/* Begin XCConfigurationList section */
		C476C4892677827F00A82FC5 /* Build configuration list for PBXNativeTarget "LandmarkRemarkTests" */ = {
			isa = XCConfigurationList;
			buildConfigurations = (
				C476C48A2677827F00A82FC5 /* Debug */,
				C476C48B2677827F00A82FC5 /* Release */,
			);
			defaultConfigurationIsVisible = 0;
			defaultConfigurationName = Release;
		};
		C4E4882A26744E0100E95615 /* Build configuration list for PBXProject "LandmarkRemark" */ = {
			isa = XCConfigurationList;
			buildConfigurations = (
				C4E4884126744E0200E95615 /* Debug */,
				C4E4884226744E0200E95615 /* Release */,
			);
			defaultConfigurationIsVisible = 0;
			defaultConfigurationName = Release;
		};
		C4E4884326744E0200E95615 /* Build configuration list for PBXNativeTarget "LandmarkRemark" */ = {
			isa = XCConfigurationList;
			buildConfigurations = (
				C4E4884426744E0200E95615 /* Debug */,
				C4E4884526744E0200E95615 /* Release */,
			);
			defaultConfigurationIsVisible = 0;
			defaultConfigurationName = Release;
		};
/* End XCConfigurationList section */

/* Begin XCRemoteSwiftPackageReference section */
		C490F3ED26774F9900DDFCA0 /* XCRemoteSwiftPackageReference "realm-cocoa" */ = {
			isa = XCRemoteSwiftPackageReference;
			repositoryURL = "https://github.com/realm/realm-cocoa";
			requirement = {
				kind = upToNextMajorVersion;
				minimumVersion = 10.7.7;
			};
		};
/* End XCRemoteSwiftPackageReference section */

/* Begin XCSwiftPackageProductDependency section */
		C490F3EE26774F9900DDFCA0 /* Realm */ = {
			isa = XCSwiftPackageProductDependency;
			package = C490F3ED26774F9900DDFCA0 /* XCRemoteSwiftPackageReference "realm-cocoa" */;
			productName = Realm;
		};
		C490F3F026774F9900DDFCA0 /* RealmSwift */ = {
			isa = XCSwiftPackageProductDependency;
			package = C490F3ED26774F9900DDFCA0 /* XCRemoteSwiftPackageReference "realm-cocoa" */;
			productName = RealmSwift;
		};
/* End XCSwiftPackageProductDependency section */
	};
	rootObject = C4E4882726744E0100E95615 /* Project object */;
}
